// !$*UTF8*$!
{
	archiveVersion = 1;
	classes = {
	};
	objectVersion = 56;
	objects = {

/* Begin PBXBuildFile section */
		264209AE2B2008500073A984 /* ThisIsNotAboutTheCubeApp.swift in Sources */ = {isa = PBXBuildFile; fileRef = 264209AD2B2008500073A984 /* ThisIsNotAboutTheCubeApp.swift */; };
		264209B22B2008520073A984 /* Assets.xcassets in Resources */ = {isa = PBXBuildFile; fileRef = 264209B12B2008520073A984 /* Assets.xcassets */; };
		264209B52B2008520073A984 /* Preview Assets.xcassets in Resources */ = {isa = PBXBuildFile; fileRef = 264209B42B2008520073A984 /* Preview Assets.xcassets */; };
		265EE2902B200EB5009ADC21 /* GameViewController.swift in Sources */ = {isa = PBXBuildFile; fileRef = 265EE28C2B200EB5009ADC21 /* GameViewController.swift */; };
		265EE2912B200EB5009ADC21 /* CubeModel.swift in Sources */ = {isa = PBXBuildFile; fileRef = 265EE28D2B200EB5009ADC21 /* CubeModel.swift */; };
		265EE2932B200EB5009ADC21 /* SwiftUIView.swift in Sources */ = {isa = PBXBuildFile; fileRef = 265EE28F2B200EB5009ADC21 /* SwiftUIView.swift */; };
		265EE2962B200EBA009ADC21 /* joystix monospace.otf in Resources */ = {isa = PBXBuildFile; fileRef = 265EE2952B200EBA009ADC21 /* joystix monospace.otf */; };
		265EE29C2B2015A9009ADC21 /* PageInfoModel.swift in Sources */ = {isa = PBXBuildFile; fileRef = 265EE29B2B2015A9009ADC21 /* PageInfoModel.swift */; };
		265EE29E2B20E9E5009ADC21 /* PagesViewPure.swift in Sources */ = {isa = PBXBuildFile; fileRef = 265EE29D2B20E9E5009ADC21 /* PagesViewPure.swift */; };
		265EE2A02B20EDEC009ADC21 /* IndividualPageView.swift in Sources */ = {isa = PBXBuildFile; fileRef = 265EE29F2B20EDEC009ADC21 /* IndividualPageView.swift */; };
		265EE2A22B20F1AA009ADC21 /* terminal-grotesque.ttf in Resources */ = {isa = PBXBuildFile; fileRef = 265EE2A12B20F1AA009ADC21 /* terminal-grotesque.ttf */; };
		265EE2A42B20F760009ADC21 /* ContentView.swift in Sources */ = {isa = PBXBuildFile; fileRef = 265EE2A32B20F760009ADC21 /* ContentView.swift */; };
/* End PBXBuildFile section */

/* Begin PBXFileReference section */
		264209AA2B2008500073A984 /* ThisIsNotAboutTheCube.app */ = {isa = PBXFileReference; explicitFileType = wrapper.application; includeInIndex = 0; path = ThisIsNotAboutTheCube.app; sourceTree = BUILT_PRODUCTS_DIR; };
		264209AD2B2008500073A984 /* ThisIsNotAboutTheCubeApp.swift */ = {isa = PBXFileReference; lastKnownFileType = sourcecode.swift; path = ThisIsNotAboutTheCubeApp.swift; sourceTree = "<group>"; };
		264209B12B2008520073A984 /* Assets.xcassets */ = {isa = PBXFileReference; lastKnownFileType = folder.assetcatalog; path = Assets.xcassets; sourceTree = "<group>"; };
		264209B42B2008520073A984 /* Preview Assets.xcassets */ = {isa = PBXFileReference; lastKnownFileType = folder.assetcatalog; path = "Preview Assets.xcassets"; sourceTree = "<group>"; };
		265EE28C2B200EB5009ADC21 /* GameViewController.swift */ = {isa = PBXFileReference; fileEncoding = 4; lastKnownFileType = sourcecode.swift; path = GameViewController.swift; sourceTree = "<group>"; };
		265EE28D2B200EB5009ADC21 /* CubeModel.swift */ = {isa = PBXFileReference; fileEncoding = 4; lastKnownFileType = sourcecode.swift; path = CubeModel.swift; sourceTree = "<group>"; };
		265EE28F2B200EB5009ADC21 /* SwiftUIView.swift */ = {isa = PBXFileReference; fileEncoding = 4; lastKnownFileType = sourcecode.swift; path = SwiftUIView.swift; sourceTree = "<group>"; };
		265EE2952B200EBA009ADC21 /* joystix monospace.otf */ = {isa = PBXFileReference; lastKnownFileType = file; path = "joystix monospace.otf"; sourceTree = "<group>"; };
		265EE2972B200ED6009ADC21 /* Info.plist */ = {isa = PBXFileReference; lastKnownFileType = text.plist; path = Info.plist; sourceTree = "<group>"; };
		265EE29B2B2015A9009ADC21 /* PageInfoModel.swift */ = {isa = PBXFileReference; lastKnownFileType = sourcecode.swift; path = PageInfoModel.swift; sourceTree = "<group>"; };
		265EE29D2B20E9E5009ADC21 /* PagesViewPure.swift */ = {isa = PBXFileReference; lastKnownFileType = sourcecode.swift; path = PagesViewPure.swift; sourceTree = "<group>"; };
		265EE29F2B20EDEC009ADC21 /* IndividualPageView.swift */ = {isa = PBXFileReference; lastKnownFileType = sourcecode.swift; path = IndividualPageView.swift; sourceTree = "<group>"; };
		265EE2A12B20F1AA009ADC21 /* terminal-grotesque.ttf */ = {isa = PBXFileReference; lastKnownFileType = file; path = "terminal-grotesque.ttf"; sourceTree = "<group>"; };
		265EE2A32B20F760009ADC21 /* ContentView.swift */ = {isa = PBXFileReference; lastKnownFileType = sourcecode.swift; path = ContentView.swift; sourceTree = "<group>"; };
/* End PBXFileReference section */

/* Begin PBXFrameworksBuildPhase section */
		264209A72B2008500073A984 /* Frameworks */ = {
			isa = PBXFrameworksBuildPhase;
			buildActionMask = 2147483647;
			files = (
			);
			runOnlyForDeploymentPostprocessing = 0;
		};
/* End PBXFrameworksBuildPhase section */

/* Begin PBXGroup section */
		264209A12B2008500073A984 = {
			isa = PBXGroup;
			children = (
				264209AC2B2008500073A984 /* ThisIsNotAboutTheCube */,
				264209AB2B2008500073A984 /* Products */,
			);
			sourceTree = "<group>";
		};
		264209AB2B2008500073A984 /* Products */ = {
			isa = PBXGroup;
			children = (
				264209AA2B2008500073A984 /* ThisIsNotAboutTheCube.app */,
			);
			name = Products;
			sourceTree = "<group>";
		};
		264209AC2B2008500073A984 /* ThisIsNotAboutTheCube */ = {
			isa = PBXGroup;
			children = (
				264209AD2B2008500073A984 /* ThisIsNotAboutTheCubeApp.swift */,
				265EE2972B200ED6009ADC21 /* Info.plist */,
				264209B12B2008520073A984 /* Assets.xcassets */,
				265EE29A2B200EF4009ADC21 /* Controller */,
				265EE2992B200EE6009ADC21 /* View */,
				265EE2982B200EDF009ADC21 /* Model */,
				265EE2942B200EBA009ADC21 /* Fonts */,
				264209B32B2008520073A984 /* Preview Content */,
			);
			path = ThisIsNotAboutTheCube;
			sourceTree = "<group>";
		};
		264209B32B2008520073A984 /* Preview Content */ = {
			isa = PBXGroup;
			children = (
				264209B42B2008520073A984 /* Preview Assets.xcassets */,
			);
			path = "Preview Content";
			sourceTree = "<group>";
		};
		265EE2942B200EBA009ADC21 /* Fonts */ = {
			isa = PBXGroup;
			children = (
				265EE2A12B20F1AA009ADC21 /* terminal-grotesque.ttf */,
				265EE2952B200EBA009ADC21 /* joystix monospace.otf */,
			);
			path = Fonts;
			sourceTree = "<group>";
		};
		265EE2982B200EDF009ADC21 /* Model */ = {
			isa = PBXGroup;
			children = (
				265EE28D2B200EB5009ADC21 /* CubeModel.swift */,
				265EE29B2B2015A9009ADC21 /* PageInfoModel.swift */,
			);
			path = Model;
			sourceTree = "<group>";
		};
		265EE2992B200EE6009ADC21 /* View */ = {
			isa = PBXGroup;
			children = (
				265EE28F2B200EB5009ADC21 /* SwiftUIView.swift */,
				265EE29D2B20E9E5009ADC21 /* PagesViewPure.swift */,
				265EE2A32B20F760009ADC21 /* ContentView.swift */,
				265EE29F2B20EDEC009ADC21 /* IndividualPageView.swift */,
			);
			path = View;
			sourceTree = "<group>";
		};
		265EE29A2B200EF4009ADC21 /* Controller */ = {
			isa = PBXGroup;
			children = (
				265EE28C2B200EB5009ADC21 /* GameViewController.swift */,
			);
			path = Controller;
			sourceTree = "<group>";
		};
/* End PBXGroup section */

/* Begin PBXNativeTarget section */
		264209A92B2008500073A984 /* ThisIsNotAboutTheCube */ = {
			isa = PBXNativeTarget;
			buildConfigurationList = 264209B82B2008520073A984 /* Build configuration list for PBXNativeTarget "ThisIsNotAboutTheCube" */;
			buildPhases = (
				264209A62B2008500073A984 /* Sources */,
				264209A72B2008500073A984 /* Frameworks */,
				264209A82B2008500073A984 /* Resources */,
			);
			buildRules = (
			);
			dependencies = (
			);
			name = ThisIsNotAboutTheCube;
			productName = ThisIsNotAboutTheCube;
			productReference = 264209AA2B2008500073A984 /* ThisIsNotAboutTheCube.app */;
			productType = "com.apple.product-type.application";
		};
/* End PBXNativeTarget section */

/* Begin PBXProject section */
		264209A22B2008500073A984 /* Project object */ = {
			isa = PBXProject;
			attributes = {
				BuildIndependentTargetsInParallel = 1;
				LastSwiftUpdateCheck = 1500;
				LastUpgradeCheck = 1500;
				TargetAttributes = {
					264209A92B2008500073A984 = {
						CreatedOnToolsVersion = 15.0;
					};
				};
			};
			buildConfigurationList = 264209A52B2008500073A984 /* Build configuration list for PBXProject "ThisIsNotAboutTheCube" */;
			compatibilityVersion = "Xcode 14.0";
			developmentRegion = en;
			hasScannedForEncodings = 0;
			knownRegions = (
				en,
				Base,
			);
			mainGroup = 264209A12B2008500073A984;
			productRefGroup = 264209AB2B2008500073A984 /* Products */;
			projectDirPath = "";
			projectRoot = "";
			targets = (
				264209A92B2008500073A984 /* ThisIsNotAboutTheCube */,
			);
		};
/* End PBXProject section */

/* Begin PBXResourcesBuildPhase section */
		264209A82B2008500073A984 /* Resources */ = {
			isa = PBXResourcesBuildPhase;
			buildActionMask = 2147483647;
			files = (
				264209B52B2008520073A984 /* Preview Assets.xcassets in Resources */,
				264209B22B2008520073A984 /* Assets.xcassets in Resources */,
				265EE2A22B20F1AA009ADC21 /* terminal-grotesque.ttf in Resources */,
				265EE2962B200EBA009ADC21 /* joystix monospace.otf in Resources */,
			);
			runOnlyForDeploymentPostprocessing = 0;
		};
/* End PBXResourcesBuildPhase section */

/* Begin PBXSourcesBuildPhase section */
		264209A62B2008500073A984 /* Sources */ = {
			isa = PBXSourcesBuildPhase;
			buildActionMask = 2147483647;
			files = (
				265EE29C2B2015A9009ADC21 /* PageInfoModel.swift in Sources */,
				265EE29E2B20E9E5009ADC21 /* PagesViewPure.swift in Sources */,
				265EE2902B200EB5009ADC21 /* GameViewController.swift in Sources */,
				265EE2932B200EB5009ADC21 /* SwiftUIView.swift in Sources */,
				265EE2A02B20EDEC009ADC21 /* IndividualPageView.swift in Sources */,
				265EE2A42B20F760009ADC21 /* ContentView.swift in Sources */,
				265EE2912B200EB5009ADC21 /* CubeModel.swift in Sources */,
				264209AE2B2008500073A984 /* ThisIsNotAboutTheCubeApp.swift in Sources */,
			);
			runOnlyForDeploymentPostprocessing = 0;
		};
/* End PBXSourcesBuildPhase section */

/* Begin XCBuildConfiguration section */
		264209B62B2008520073A984 /* Debug */ = {
			isa = XCBuildConfiguration;
			buildSettings = {
				ALWAYS_SEARCH_USER_PATHS = NO;
				ASSETCATALOG_COMPILER_GENERATE_SWIFT_ASSET_SYMBOL_EXTENSIONS = YES;
				CLANG_ANALYZER_NONNULL = YES;
				CLANG_ANALYZER_NUMBER_OBJECT_CONVERSION = YES_AGGRESSIVE;
				CLANG_CXX_LANGUAGE_STANDARD = "gnu++20";
				CLANG_ENABLE_MODULES = YES;
				CLANG_ENABLE_OBJC_ARC = YES;
				CLANG_ENABLE_OBJC_WEAK = YES;
				CLANG_WARN_BLOCK_CAPTURE_AUTORELEASING = YES;
				CLANG_WARN_BOOL_CONVERSION = YES;
				CLANG_WARN_COMMA = YES;
				CLANG_WARN_CONSTANT_CONVERSION = YES;
				CLANG_WARN_DEPRECATED_OBJC_IMPLEMENTATIONS = YES;
				CLANG_WARN_DIRECT_OBJC_ISA_USAGE = YES_ERROR;
				CLANG_WARN_DOCUMENTATION_COMMENTS = YES;
				CLANG_WARN_EMPTY_BODY = YES;
				CLANG_WARN_ENUM_CONVERSION = YES;
				CLANG_WARN_INFINITE_RECURSION = YES;
				CLANG_WARN_INT_CONVERSION = YES;
				CLANG_WARN_NON_LITERAL_NULL_CONVERSION = YES;
				CLANG_WARN_OBJC_IMPLICIT_RETAIN_SELF = YES;
				CLANG_WARN_OBJC_LITERAL_CONVERSION = YES;
				CLANG_WARN_OBJC_ROOT_CLASS = YES_ERROR;
				CLANG_WARN_QUOTED_INCLUDE_IN_FRAMEWORK_HEADER = YES;
				CLANG_WARN_RANGE_LOOP_ANALYSIS = YES;
				CLANG_WARN_STRICT_PROTOTYPES = YES;
				CLANG_WARN_SUSPICIOUS_MOVE = YES;
				CLANG_WARN_UNGUARDED_AVAILABILITY = YES_AGGRESSIVE;
				CLANG_WARN_UNREACHABLE_CODE = YES;
				CLANG_WARN__DUPLICATE_METHOD_MATCH = YES;
				COPY_PHASE_STRIP = NO;
				DEBUG_INFORMATION_FORMAT = dwarf;
				ENABLE_STRICT_OBJC_MSGSEND = YES;
				ENABLE_TESTABILITY = YES;
				ENABLE_USER_SCRIPT_SANDBOXING = YES;
				GCC_C_LANGUAGE_STANDARD = gnu17;
				GCC_DYNAMIC_NO_PIC = NO;
				GCC_NO_COMMON_BLOCKS = YES;
				GCC_OPTIMIZATION_LEVEL = 0;
				GCC_PREPROCESSOR_DEFINITIONS = (
					"DEBUG=1",
					"$(inherited)",
				);
				GCC_WARN_64_TO_32_BIT_CONVERSION = YES;
				GCC_WARN_ABOUT_RETURN_TYPE = YES_ERROR;
				GCC_WARN_UNDECLARED_SELECTOR = YES;
				GCC_WARN_UNINITIALIZED_AUTOS = YES_AGGRESSIVE;
				GCC_WARN_UNUSED_FUNCTION = YES;
				GCC_WARN_UNUSED_VARIABLE = YES;
				IPHONEOS_DEPLOYMENT_TARGET = 17.0;
				LOCALIZATION_PREFERS_STRING_CATALOGS = YES;
				MTL_ENABLE_DEBUG_INFO = INCLUDE_SOURCE;
				MTL_FAST_MATH = YES;
				ONLY_ACTIVE_ARCH = YES;
				SDKROOT = iphoneos;
				SWIFT_ACTIVE_COMPILATION_CONDITIONS = "DEBUG $(inherited)";
				SWIFT_OPTIMIZATION_LEVEL = "-Onone";
			};
			name = Debug;
		};
		264209B72B2008520073A984 /* Release */ = {
			isa = XCBuildConfiguration;
			buildSettings = {
				ALWAYS_SEARCH_USER_PATHS = NO;
				ASSETCATALOG_COMPILER_GENERATE_SWIFT_ASSET_SYMBOL_EXTENSIONS = YES;
				CLANG_ANALYZER_NONNULL = YES;
				CLANG_ANALYZER_NUMBER_OBJECT_CONVERSION = YES_AGGRESSIVE;
				CLANG_CXX_LANGUAGE_STANDARD = "gnu++20";
				CLANG_ENABLE_MODULES = YES;
				CLANG_ENABLE_OBJC_ARC = YES;
				CLANG_ENABLE_OBJC_WEAK = YES;
				CLANG_WARN_BLOCK_CAPTURE_AUTORELEASING = YES;
				CLANG_WARN_BOOL_CONVERSION = YES;
				CLANG_WARN_COMMA = YES;
				CLANG_WARN_CONSTANT_CONVERSION = YES;
				CLANG_WARN_DEPRECATED_OBJC_IMPLEMENTATIONS = YES;
				CLANG_WARN_DIRECT_OBJC_ISA_USAGE = YES_ERROR;
				CLANG_WARN_DOCUMENTATION_COMMENTS = YES;
				CLANG_WARN_EMPTY_BODY = YES;
				CLANG_WARN_ENUM_CONVERSION = YES;
				CLANG_WARN_INFINITE_RECURSION = YES;
				CLANG_WARN_INT_CONVERSION = YES;
				CLANG_WARN_NON_LITERAL_NULL_CONVERSION = YES;
				CLANG_WARN_OBJC_IMPLICIT_RETAIN_SELF = YES;
				CLANG_WARN_OBJC_LITERAL_CONVERSION = YES;
				CLANG_WARN_OBJC_ROOT_CLASS = YES_ERROR;
				CLANG_WARN_QUOTED_INCLUDE_IN_FRAMEWORK_HEADER = YES;
				CLANG_WARN_RANGE_LOOP_ANALYSIS = YES;
				CLANG_WARN_STRICT_PROTOTYPES = YES;
				CLANG_WARN_SUSPICIOUS_MOVE = YES;
				CLANG_WARN_UNGUARDED_AVAILABILITY = YES_AGGRESSIVE;
				CLANG_WARN_UNREACHABLE_CODE = YES;
				CLANG_WARN__DUPLICATE_METHOD_MATCH = YES;
				COPY_PHASE_STRIP = NO;
				DEBUG_INFORMATION_FORMAT = "dwarf-with-dsym";
				ENABLE_NS_ASSERTIONS = NO;
				ENABLE_STRICT_OBJC_MSGSEND = YES;
				ENABLE_USER_SCRIPT_SANDBOXING = YES;
				GCC_C_LANGUAGE_STANDARD = gnu17;
				GCC_NO_COMMON_BLOCKS = YES;
				GCC_WARN_64_TO_32_BIT_CONVERSION = YES;
				GCC_WARN_ABOUT_RETURN_TYPE = YES_ERROR;
				GCC_WARN_UNDECLARED_SELECTOR = YES;
				GCC_WARN_UNINITIALIZED_AUTOS = YES_AGGRESSIVE;
				GCC_WARN_UNUSED_FUNCTION = YES;
				GCC_WARN_UNUSED_VARIABLE = YES;
				IPHONEOS_DEPLOYMENT_TARGET = 17.0;
				LOCALIZATION_PREFERS_STRING_CATALOGS = YES;
				MTL_ENABLE_DEBUG_INFO = NO;
				MTL_FAST_MATH = YES;
				SDKROOT = iphoneos;
				SWIFT_COMPILATION_MODE = wholemodule;
				VALIDATE_PRODUCT = YES;
			};
			name = Release;
		};
		264209B92B2008520073A984 /* Debug */ = {
			isa = XCBuildConfiguration;
			buildSettings = {
				ASSETCATALOG_COMPILER_APPICON_NAME = AppIcon;
				ASSETCATALOG_COMPILER_GLOBAL_ACCENT_COLOR_NAME = AccentColor;
				CODE_SIGN_STYLE = Automatic;
				CURRENT_PROJECT_VERSION = 1;
				DEVELOPMENT_ASSET_PATHS = "\"ThisIsNotAboutTheCube/Preview Content\"";
				DEVELOPMENT_TEAM = 5GYXF2FP9Y;
				ENABLE_PREVIEWS = YES;
				GENERATE_INFOPLIST_FILE = YES;
				INFOPLIST_FILE = ThisIsNotAboutTheCube/Info.plist;
				INFOPLIST_KEY_UIApplicationSceneManifest_Generation = YES;
				INFOPLIST_KEY_UIApplicationSupportsIndirectInputEvents = YES;
				INFOPLIST_KEY_UILaunchScreen_Generation = YES;
				INFOPLIST_KEY_UISupportedInterfaceOrientations = "UIInterfaceOrientationLandscapeLeft UIInterfaceOrientationLandscapeRight";
				LD_RUNPATH_SEARCH_PATHS = (
					"$(inherited)",
					"@executable_path/Frameworks",
				);
				MARKETING_VERSION = 1.0;
				PRODUCT_BUNDLE_IDENTIFIER = com.leonardo.ThisIsNotAboutTheCube;
				PRODUCT_NAME = "$(TARGET_NAME)";
				SWIFT_EMIT_LOC_STRINGS = YES;
				SWIFT_VERSION = 5.0;
				TARGETED_DEVICE_FAMILY = "1,2";
			};
			name = Debug;
		};
		264209BA2B2008520073A984 /* Release */ = {
			isa = XCBuildConfiguration;
			buildSettings = {
				ASSETCATALOG_COMPILER_APPICON_NAME = AppIcon;
				ASSETCATALOG_COMPILER_GLOBAL_ACCENT_COLOR_NAME = AccentColor;
				CODE_SIGN_STYLE = Automatic;
				CURRENT_PROJECT_VERSION = 1;
				DEVELOPMENT_ASSET_PATHS = "\"ThisIsNotAboutTheCube/Preview Content\"";
				DEVELOPMENT_TEAM = 5GYXF2FP9Y;
				ENABLE_PREVIEWS = YES;
				GENERATE_INFOPLIST_FILE = YES;
				INFOPLIST_FILE = ThisIsNotAboutTheCube/Info.plist;
				INFOPLIST_KEY_UIApplicationSceneManifest_Generation = YES;
				INFOPLIST_KEY_UIApplicationSupportsIndirectInputEvents = YES;
				INFOPLIST_KEY_UILaunchScreen_Generation = YES;
				INFOPLIST_KEY_UISupportedInterfaceOrientations = "UIInterfaceOrientationLandscapeLeft UIInterfaceOrientationLandscapeRight";
				LD_RUNPATH_SEARCH_PATHS = (
					"$(inherited)",
					"@executable_path/Frameworks",
				);
				MARKETING_VERSION = 1.0;
				PRODUCT_BUNDLE_IDENTIFIER = com.leonardo.ThisIsNotAboutTheCube;
				PRODUCT_NAME = "$(TARGET_NAME)";
				SWIFT_EMIT_LOC_STRINGS = YES;
				SWIFT_VERSION = 5.0;
				TARGETED_DEVICE_FAMILY = "1,2";
			};
			name = Release;
		};
/* End XCBuildConfiguration section */

/* Begin XCConfigurationList section */
		264209A52B2008500073A984 /* Build configuration list for PBXProject "ThisIsNotAboutTheCube" */ = {
			isa = XCConfigurationList;
			buildConfigurations = (
				264209B62B2008520073A984 /* Debug */,
				264209B72B2008520073A984 /* Release */,
			);
			defaultConfigurationIsVisible = 0;
			defaultConfigurationName = Release;
		};
		264209B82B2008520073A984 /* Build configuration list for PBXNativeTarget "ThisIsNotAboutTheCube" */ = {
			isa = XCConfigurationList;
			buildConfigurations = (
				264209B92B2008520073A984 /* Debug */,
				264209BA2B2008520073A984 /* Release */,
			);
			defaultConfigurationIsVisible = 0;
			defaultConfigurationName = Release;
		};
/* End XCConfigurationList section */
	};
	rootObject = 264209A22B2008500073A984 /* Project object */;
}
